
Microsoft Visual Studio Solution File, Format Version 12.00
# Visual Studio Version 17
VisualStudioVersion = 17.9.34723.18
MinimumVisualStudioVersion = 10.0.40219.1
Project("{FAE04EC0-301F-11D3-BF4B-00C04F79EFBC}") = "LocaleLibrary", "LocaleLibrary.csproj", "{B158890B-3515-4815-A912-12A870FECD3C}"
EndProject
Global
	GlobalSection(SolutionConfigurationPlatforms) = preSolution
		Debug|Any CPU = Debug|Any CPU
		Release|Any CPU = Release|Any CPU
	EndGlobalSection
	GlobalSection(ProjectConfigurationPlatforms) = postSolution
		{B158890B-3515-4815-A912-12A870FECD3C}.Debug|Any CPU.ActiveCfg = Debug|Any CPU
		{B158890B-3515-4815-A912-12A870FECD3C}.Debug|Any CPU.Build.0 = Debug|Any CPU
		{B158890B-3515-4815-A912-12A870FECD3C}.Release|Any CPU.ActiveCfg = Release|Any CPU
		{B158890B-3515-4815-A912-12A870FECD3C}.Release|Any CPU.Build.0 = Release|Any CPU
	EndGlobalSection
	GlobalSection(SolutionProperties) = preSolution
		HideSolutionNode = FALSE
	EndGlobalSection
	GlobalSection(ExtensibilityGlobals) = postSolution
		SolutionGuid = {0CB55438-D166-4966-81CE-F04A340264A6}
	EndGlobalSection
EndGlobal
